// !$*UTF8*$!
{
	archiveVersion = 1;
	classes = {
	};
	objectVersion = 50;
	objects = {

/* Begin PBXBuildFile section */
		3E06F489255A60E6006F2A3F /* AppDelegate.swift in Sources */ = {isa = PBXBuildFile; fileRef = 3E06F488255A60E6006F2A3F /* AppDelegate.swift */; };
		3E06F48B255A60E6006F2A3F /* SceneDelegate.swift in Sources */ = {isa = PBXBuildFile; fileRef = 3E06F48A255A60E6006F2A3F /* SceneDelegate.swift */; };
		3E06F48D255A60E6006F2A3F /* ViewController.swift in Sources */ = {isa = PBXBuildFile; fileRef = 3E06F48C255A60E6006F2A3F /* ViewController.swift */; };
		3E06F490255A60E6006F2A3F /* Main.storyboard in Resources */ = {isa = PBXBuildFile; fileRef = 3E06F48E255A60E6006F2A3F /* Main.storyboard */; };
		3E06F492255A60E7006F2A3F /* Assets.xcassets in Resources */ = {isa = PBXBuildFile; fileRef = 3E06F491255A60E7006F2A3F /* Assets.xcassets */; };
		3E06F495255A60E7006F2A3F /* LaunchScreen.storyboard in Resources */ = {isa = PBXBuildFile; fileRef = 3E06F493255A60E7006F2A3F /* LaunchScreen.storyboard */; };
/* End PBXBuildFile section */

/* Begin PBXFileReference section */
		3E06F485255A60E6006F2A3F /* DetectThePic.app */ = {isa = PBXFileReference; explicitFileType = wrapper.application; includeInIndex = 0; path = DetectThePic.app; sourceTree = BUILT_PRODUCTS_DIR; };
		3E06F488255A60E6006F2A3F /* AppDelegate.swift */ = {isa = PBXFileReference; lastKnownFileType = sourcecode.swift; path = AppDelegate.swift; sourceTree = "<group>"; };
		3E06F48A255A60E6006F2A3F /* SceneDelegate.swift */ = {isa = PBXFileReference; lastKnownFileType = sourcecode.swift; path = SceneDelegate.swift; sourceTree = "<group>"; };
		3E06F48C255A60E6006F2A3F /* ViewController.swift */ = {isa = PBXFileReference; lastKnownFileType = sourcecode.swift; path = ViewController.swift; sourceTree = "<group>"; };
		3E06F48F255A60E6006F2A3F /* Base */ = {isa = PBXFileReference; lastKnownFileType = file.storyboard; name = Base; path = Base.lproj/Main.storyboard; sourceTree = "<group>"; };
		3E06F491255A60E7006F2A3F /* Assets.xcassets */ = {isa = PBXFileReference; lastKnownFileType = folder.assetcatalog; path = Assets.xcassets; sourceTree = "<group>"; };
		3E06F494255A60E7006F2A3F /* Base */ = {isa = PBXFileReference; lastKnownFileType = file.storyboard; name = Base; path = Base.lproj/LaunchScreen.storyboard; sourceTree = "<group>"; };
		3E06F496255A60E7006F2A3F /* Info.plist */ = {isa = PBXFileReference; lastKnownFileType = text.plist.xml; path = Info.plist; sourceTree = "<group>"; };
/* End PBXFileReference section */

/* Begin PBXFrameworksBuildPhase section */
		3E06F482255A60E6006F2A3F /* Frameworks */ = {
			isa = PBXFrameworksBuildPhase;
			buildActionMask = 2147483647;
			files = (
			);
			runOnlyForDeploymentPostprocessing = 0;
		};
/* End PBXFrameworksBuildPhase section */

/* Begin PBXGroup section */
		3E06F47C255A60E5006F2A3F = {
			isa = PBXGroup;
			children = (
				3E06F487255A60E6006F2A3F /* DetectThePic */,
				3E06F486255A60E6006F2A3F /* Products */,
			);
			sourceTree = "<group>";
		};
		3E06F486255A60E6006F2A3F /* Products */ = {
			isa = PBXGroup;
			children = (
				3E06F485255A60E6006F2A3F /* DetectThePic.app */,
			);
			name = Products;
			sourceTree = "<group>";
		};
		3E06F487255A60E6006F2A3F /* DetectThePic */ = {
			isa = PBXGroup;
			children = (
				3E06F488255A60E6006F2A3F /* AppDelegate.swift */,
				3E06F48A255A60E6006F2A3F /* SceneDelegate.swift */,
				3E06F48C255A60E6006F2A3F /* ViewController.swift */,
				3E06F48E255A60E6006F2A3F /* Main.storyboard */,
				3E06F491255A60E7006F2A3F /* Assets.xcassets */,
				3E06F493255A60E7006F2A3F /* LaunchScreen.storyboard */,
				3E06F496255A60E7006F2A3F /* Info.plist */,
			);
			path = DetectThePic;
			sourceTree = "<group>";
		};
/* End PBXGroup section */

/* Begin PBXNativeTarget section */
		3E06F484255A60E6006F2A3F /* DetectThePic */ = {
			isa = PBXNativeTarget;
			buildConfigurationList = 3E06F499255A60E7006F2A3F /* Build configuration list for PBXNativeTarget "DetectThePic" */;
			buildPhases = (
				3E06F481255A60E6006F2A3F /* Sources */,
				3E06F482255A60E6006F2A3F /* Frameworks */,
				3E06F483255A60E6006F2A3F /* Resources */,
			);
			buildRules = (
			);
			dependencies = (
			);
			name = DetectThePic;
			productName = DetectThePic;
			productReference = 3E06F485255A60E6006F2A3F /* DetectThePic.app */;
			productType = "com.apple.product-type.application";
		};
/* End PBXNativeTarget section */

/* Begin PBXProject section */
		3E06F47D255A60E5006F2A3F /* Project object */ = {
			isa = PBXProject;
			attributes = {
				LastSwiftUpdateCheck = 1200;
				LastUpgradeCheck = 1200;
				TargetAttributes = {
					3E06F484255A60E6006F2A3F = {
						CreatedOnToolsVersion = 12.0.1;
					};
				};
			};
			buildConfigurationList = 3E06F480255A60E6006F2A3F /* Build configuration list for PBXProject "DetectThePic" */;
			compatibilityVersion = "Xcode 9.3";
			developmentRegion = en;
			hasScannedForEncodings = 0;
			knownRegions = (
				en,
				Base,
			);
			mainGroup = 3E06F47C255A60E5006F2A3F;
			productRefGroup = 3E06F486255A60E6006F2A3F /* Products */;
			projectDirPath = "";
			projectRoot = "";
			targets = (
				3E06F484255A60E6006F2A3F /* DetectThePic */,
			);
		};
/* End PBXProject section */

/* Begin PBXResourcesBuildPhase section */
		3E06F483255A60E6006F2A3F /* Resources */ = {
			isa = PBXResourcesBuildPhase;
			buildActionMask = 2147483647;
			files = (
				3E06F495255A60E7006F2A3F /* LaunchScreen.storyboard in Resources */,
				3E06F492255A60E7006F2A3F /* Assets.xcassets in Resources */,
				3E06F490255A60E6006F2A3F /* Main.storyboard in Resources */,
			);
			runOnlyForDeploymentPostprocessing = 0;
		};
/* End PBXResourcesBuildPhase section */

/* Begin PBXSourcesBuildPhase section */
		3E06F481255A60E6006F2A3F /* Sources */ = {
			isa = PBXSourcesBuildPhase;
			buildActionMask = 2147483647;
			files = (
				3E06F48D255A60E6006F2A3F /* ViewController.swift in Sources */,
				3E06F489255A60E6006F2A3F /* AppDelegate.swift in Sources */,
				3E06F48B255A60E6006F2A3F /* SceneDelegate.swift in Sources */,
			);
			runOnlyForDeploymentPostprocessing = 0;
		};
/* End PBXSourcesBuildPhase section */

/* Begin PBXVariantGroup section */
		3E06F48E255A60E6006F2A3F /* Main.storyboard */ = {
			isa = PBXVariantGroup;
			children = (
				3E06F48F255A60E6006F2A3F /* Base */,
			);
			name = Main.storyboard;
			sourceTree = "<group>";
		};
		3E06F493255A60E7006F2A3F /* LaunchScreen.storyboard */ = {
			isa = PBXVariantGroup;
			children = (
				3E06F494255A60E7006F2A3F /* Base */,
			);
			name = LaunchScreen.storyboard;
			sourceTree = "<group>";
		};
/* End PBXVariantGroup section */

/* Begin XCBuildConfiguration section */
		3E06F497255A60E7006F2A3F /* Debug */ = {
			isa = XCBuildConfiguration;
			buildSettings = {
				ALWAYS_SEARCH_USER_PATHS = NO;
				CLANG_ANALYZER_NONNULL = YES;
				CLANG_ANALYZER_NUMBER_OBJECT_CONVERSION = YES_AGGRESSIVE;
				CLANG_CXX_LANGUAGE_STANDARD = "gnu++14";
				CLANG_CXX_LIBRARY = "libc++";
				CLANG_ENABLE_MODULES = YES;
				CLANG_ENABLE_OBJC_ARC = YES;
				CLANG_ENABLE_OBJC_WEAK = YES;
				CLANG_WARN_BLOCK_CAPTURE_AUTORELEASING = YES;
				CLANG_WARN_BOOL_CONVERSION = YES;
				CLANG_WARN_COMMA = YES;
				CLANG_WARN_CONSTANT_CONVERSION = YES;
				CLANG_WARN_DEPRECATED_OBJC_IMPLEMENTATIONS = YES;
				CLANG_WARN_DIRECT_OBJC_ISA_USAGE = YES_ERROR;
				CLANG_WARN_DOCUMENTATION_COMMENTS = YES;
				CLANG_WARN_EMPTY_BODY = YES;
				CLANG_WARN_ENUM_CONVERSION = YES;
				CLANG_WARN_INFINITE_RECURSION = YES;
				CLANG_WARN_INT_CONVERSION = YES;
				CLANG_WARN_NON_LITERAL_NULL_CONVERSION = YES;
				CLANG_WARN_OBJC_IMPLICIT_RETAIN_SELF = YES;
				CLANG_WARN_OBJC_LITERAL_CONVERSION = YES;
				CLANG_WARN_OBJC_ROOT_CLASS = YES_ERROR;
				CLANG_WARN_QUOTED_INCLUDE_IN_FRAMEWORK_HEADER = YES;
				CLANG_WARN_RANGE_LOOP_ANALYSIS = YES;
				CLANG_WARN_STRICT_PROTOTYPES = YES;
				CLANG_WARN_SUSPICIOUS_MOVE = YES;
				CLANG_WARN_UNGUARDED_AVAILABILITY = YES_AGGRESSIVE;
				CLANG_WARN_UNREACHABLE_CODE = YES;
				CLANG_WARN__DUPLICATE_METHOD_MATCH = YES;
				COPY_PHASE_STRIP = NO;
				DEBUG_INFORMATION_FORMAT = dwarf;
				ENABLE_STRICT_OBJC_MSGSEND = YES;
				ENABLE_TESTABILITY = YES;
				GCC_C_LANGUAGE_STANDARD = gnu11;
				GCC_DYNAMIC_NO_PIC = NO;
				GCC_NO_COMMON_BLOCKS = YES;
				GCC_OPTIMIZATION_LEVEL = 0;
				GCC_PREPROCESSOR_DEFINITIONS = (
					"DEBUG=1",
					"$(inherited)",
				);
				GCC_WARN_64_TO_32_BIT_CONVERSION = YES;
				GCC_WARN_ABOUT_RETURN_TYPE = YES_ERROR;
				GCC_WARN_UNDECLARED_SELECTOR = YES;
				GCC_WARN_UNINITIALIZED_AUTOS = YES_AGGRESSIVE;
				GCC_WARN_UNUSED_FUNCTION = YES;
				GCC_WARN_UNUSED_VARIABLE = YES;
				IPHONEOS_DEPLOYMENT_TARGET = 14.0;
				MTL_ENABLE_DEBUG_INFO = INCLUDE_SOURCE;
				MTL_FAST_MATH = YES;
				ONLY_ACTIVE_ARCH = YES;
				SDKROOT = iphoneos;
				SWIFT_ACTIVE_COMPILATION_CONDITIONS = DEBUG;
				SWIFT_OPTIMIZATION_LEVEL = "-Onone";
			};
			name = Debug;
		};
		3E06F498255A60E7006F2A3F /* Release */ = {
			isa = XCBuildConfiguration;
			buildSettings = {
				ALWAYS_SEARCH_USER_PATHS = NO;
				CLANG_ANALYZER_NONNULL = YES;
				CLANG_ANALYZER_NUMBER_OBJECT_CONVERSION = YES_AGGRESSIVE;
				CLANG_CXX_LANGUAGE_STANDARD = "gnu++14";
				CLANG_CXX_LIBRARY = "libc++";
				CLANG_ENABLE_MODULES = YES;
				CLANG_ENABLE_OBJC_ARC = YES;
				CLANG_ENABLE_OBJC_WEAK = YES;
				CLANG_WARN_BLOCK_CAPTURE_AUTORELEASING = YES;
				CLANG_WARN_BOOL_CONVERSION = YES;
				CLANG_WARN_COMMA = YES;
				CLANG_WARN_CONSTANT_CONVERSION = YES;
				CLANG_WARN_DEPRECATED_OBJC_IMPLEMENTATIONS = YES;
				CLANG_WARN_DIRECT_OBJC_ISA_USAGE = YES_ERROR;
				CLANG_WARN_DOCUMENTATION_COMMENTS = YES;
				CLANG_WARN_EMPTY_BODY = YES;
				CLANG_WARN_ENUM_CONVERSION = YES;
				CLANG_WARN_INFINITE_RECURSION = YES;
				CLANG_WARN_INT_CONVERSION = YES;
				CLANG_WARN_NON_LITERAL_NULL_CONVERSION = YES;
				CLANG_WARN_OBJC_IMPLICIT_RETAIN_SELF = YES;
				CLANG_WARN_OBJC_LITERAL_CONVERSION = YES;
				CLANG_WARN_OBJC_ROOT_CLASS = YES_ERROR;
				CLANG_WARN_QUOTED_INCLUDE_IN_FRAMEWORK_HEADER = YES;
				CLANG_WARN_RANGE_LOOP_ANALYSIS = YES;
				CLANG_WARN_STRICT_PROTOTYPES = YES;
				CLANG_WARN_SUSPICIOUS_MOVE = YES;
				CLANG_WARN_UNGUARDED_AVAILABILITY = YES_AGGRESSIVE;
				CLANG_WARN_UNREACHABLE_CODE = YES;
				CLANG_WARN__DUPLICATE_METHOD_MATCH = YES;
				COPY_PHASE_STRIP = NO;
				DEBUG_INFORMATION_FORMAT = "dwarf-with-dsym";
				ENABLE_NS_ASSERTIONS = NO;
				ENABLE_STRICT_OBJC_MSGSEND = YES;
				GCC_C_LANGUAGE_STANDARD = gnu11;
				GCC_NO_COMMON_BLOCKS = YES;
				GCC_WARN_64_TO_32_BIT_CONVERSION = YES;
				GCC_WARN_ABOUT_RETURN_TYPE = YES_ERROR;
				GCC_WARN_UNDECLARED_SELECTOR = YES;
				GCC_WARN_UNINITIALIZED_AUTOS = YES_AGGRESSIVE;
				GCC_WARN_UNUSED_FUNCTION = YES;
				GCC_WARN_UNUSED_VARIABLE = YES;
				IPHONEOS_DEPLOYMENT_TARGET = 14.0;
				MTL_ENABLE_DEBUG_INFO = NO;
				MTL_FAST_MATH = YES;
				SDKROOT = iphoneos;
				SWIFT_COMPILATION_MODE = wholemodule;
				SWIFT_OPTIMIZATION_LEVEL = "-O";
				VALIDATE_PRODUCT = YES;
			};
			name = Release;
		};
		3E06F49A255A60E7006F2A3F /* Debug */ = {
			isa = XCBuildConfiguration;
			buildSettings = {
				ASSETCATALOG_COMPILER_APPICON_NAME = AppIcon;
				ASSETCATALOG_COMPILER_GLOBAL_ACCENT_COLOR_NAME = AccentColor;
				CODE_SIGN_STYLE = Automatic;
				DEVELOPMENT_TEAM = QG9RQ6F6QP;
				INFOPLIST_FILE = DetectThePic/Info.plist;
				LD_RUNPATH_SEARCH_PATHS = (
					"$(inherited)",
					"@executable_path/Frameworks",
				);
				PRODUCT_BUNDLE_IDENTIFIER = com.toxumuharu.DetectThePic;
				PRODUCT_NAME = "$(TARGET_NAME)";
				SWIFT_VERSION = 5.0;
				TARGETED_DEVICE_FAMILY = "1,2";
			};
			name = Debug;
		};
		3E06F49B255A60E7006F2A3F /* Release */ = {
			isa = XCBuildConfiguration;
			buildSettings = {
				ASSETCATALOG_COMPILER_APPICON_NAME = AppIcon;
				ASSETCATALOG_COMPILER_GLOBAL_ACCENT_COLOR_NAME = AccentColor;
				CODE_SIGN_STYLE = Automatic;
				DEVELOPMENT_TEAM = QG9RQ6F6QP;
				INFOPLIST_FILE = DetectThePic/Info.plist;
				LD_RUNPATH_SEARCH_PATHS = (
					"$(inherited)",
					"@executable_path/Frameworks",
				);
				PRODUCT_BUNDLE_IDENTIFIER = com.toxumuharu.DetectThePic;
				PRODUCT_NAME = "$(TARGET_NAME)";
				SWIFT_VERSION = 5.0;
				TARGETED_DEVICE_FAMILY = "1,2";
			};
			name = Release;
		};
/* End XCBuildConfiguration section */

/* Begin XCConfigurationList section */
		3E06F480255A60E6006F2A3F /* Build configuration list for PBXProject "DetectThePic" */ = {
			isa = XCConfigurationList;
			buildConfigurations = (
				3E06F497255A60E7006F2A3F /* Debug */,
				3E06F498255A60E7006F2A3F /* Release */,
			);
			defaultConfigurationIsVisible = 0;
			defaultConfigurationName = Release;
		};
		3E06F499255A60E7006F2A3F /* Build configuration list for PBXNativeTarget "DetectThePic" */ = {
			isa = XCConfigurationList;
			buildConfigurations = (
				3E06F49A255A60E7006F2A3F /* Debug */,
				3E06F49B255A60E7006F2A3F /* Release */,
			);
			defaultConfigurationIsVisible = 0;
			defaultConfigurationName = Release;
		};
/* End XCConfigurationList section */
	};
	rootObject = 3E06F47D255A60E5006F2A3F /* Project object */;
}
